
Microsoft Visual Studio Solution File, Format Version 12.00
# Visual Studio 15
VisualStudioVersion = 15.0.33529.398
MinimumVisualStudioVersion = 10.0.40219.1
Project("{FAE04EC0-301F-11D3-BF4B-00C04F79EFBC}") = "NewTalents", "NewTalents\NewTalents.csproj", "{09E4459C-D445-440F-9D5C-0750B2AE85DB}"
EndProject
Project("{FAE04EC0-301F-11D3-BF4B-00C04F79EFBC}") = "TestsNewTalents", "TestsNewTalents\TestsNewTalents.csproj", "{8605E9AF-F5A7-40C1-9286-6815539E1D1E}"
EndProject
Global
	GlobalSection(SolutionConfigurationPlatforms) = preSolution
		Debug|Any CPU = Debug|Any CPU
		Release|Any CPU = Release|Any CPU
	EndGlobalSection
	GlobalSection(ProjectConfigurationPlatforms) = postSolution
		{09E4459C-D445-440F-9D5C-0750B2AE85DB}.Debug|Any CPU.ActiveCfg = Debug|Any CPU
		{09E4459C-D445-440F-9D5C-0750B2AE85DB}.Debug|Any CPU.Build.0 = Debug|Any CPU
		{09E4459C-D445-440F-9D5C-0750B2AE85DB}.Release|Any CPU.ActiveCfg = Release|Any CPU
		{09E4459C-D445-440F-9D5C-0750B2AE85DB}.Release|Any CPU.Build.0 = Release|Any CPU
		{8605E9AF-F5A7-40C1-9286-6815539E1D1E}.Debug|Any CPU.ActiveCfg = Debug|Any CPU
		{8605E9AF-F5A7-40C1-9286-6815539E1D1E}.Debug|Any CPU.Build.0 = Debug|Any CPU
		{8605E9AF-F5A7-40C1-9286-6815539E1D1E}.Release|Any CPU.ActiveCfg = Release|Any CPU
		{8605E9AF-F5A7-40C1-9286-6815539E1D1E}.Release|Any CPU.Build.0 = Release|Any CPU
	EndGlobalSection
	GlobalSection(SolutionProperties) = preSolution
		HideSolutionNode = FALSE
	EndGlobalSection
	GlobalSection(ExtensibilityGlobals) = postSolution
		SolutionGuid = {26C32A7C-CC01-489F-A9B0-71F7F2246349}
	EndGlobalSection
EndGlobal
